<?xml version="1.0" encoding="utf-8"?>
<Project ToolsVersion="4.0" xmlns="http://schemas.microsoft.com/developer/msbuild/2003">
  <ItemGroup>
    <Filter Include="Source Files">
      <UniqueIdentifier>{4FC737F1-C7A5-4376-A066-2A32D752A2FF}</UniqueIdentifier>
      <Extensions>cpp;c;cc;cxx;def;odl;idl;hpj;bat;asm;asmx</Extensions>
    </Filter>
    <Filter Include="Header Files">
      <UniqueIdentifier>{93995380-89BD-4b04-88EB-625FBE52EBFB}</UniqueIdentifier>
      <Extensions>h;hpp;hxx;hm;inl;inc;xsd</Extensions>
    </Filter>
    <Filter Include="Resource Files">
      <UniqueIdentifier>{67DA6AB6-F800-4c08-8B7A-83BB121AAD01}</UniqueIdentifier>
      <Extensions>rc;ico;cur;bmp;dlg;rc2;rct;bin;rgs;gif;jpg;jpeg;jpe;resx;tiff;tif;png;wav;mfcribbon-ms</Extensions>
    </Filter>
    <Filter Include="Header Files\DataStructure">
      <UniqueIdentifier>{69bbed3e-30d3-4d4a-9748-f2544fa1286e}</UniqueIdentifier>
    </Filter>
    <Filter Include="Source Files\DataStructure">
      <UniqueIdentifier>{871afda7-f261-4b06-8c02-e916210fb4ad}</UniqueIdentifier>
    </Filter>
    <Filter Include="Header Files\Model">
      <UniqueIdentifier>{0181afe9-1f14-4edd-96fd-45d4b05801e1}</UniqueIdentifier>
    </Filter>
    <Filter Include="Source Files\Model">
      <UniqueIdentifier>{07b6b67e-8470-4cb0-a629-005270ad3209}</UniqueIdentifier>
    </Filter>
    <Filter Include="Header Files\AI">
      <UniqueIdentifier>{dd27c399-c720-4750-8f2a-33d3fe655968}</UniqueIdentifier>
    </Filter>
    <Filter Include="Source Files\AI">
      <UniqueIdentifier>{2cc15b41-317c-4815-b002-5f5d6c55615c}</UniqueIdentifier>
    </Filter>
    <Filter Include="Source Files\Utility">
      <UniqueIdentifier>{5294973b-9f9c-4bd4-854d-5ca62dab6f35}</UniqueIdentifier>
    </Filter>
    <Filter Include="Header Files\Utility">
      <UniqueIdentifier>{0a862372-d592-4967-9aa5-08ab57f99cf5}</UniqueIdentifier>
    </Filter>
  </ItemGroup>
  <ItemGroup>
    <ClCompile Include="Node.cpp">
      <Filter>Source Files\DataStructure</Filter>
    </ClCompile>
    <ClCompile Include="CubeGeometry.cpp">
      <Filter>Source Files\DataStructure</Filter>
    </ClCompile>
    <ClCompile Include="Player.cpp">
      <Filter>Source Files\Model</Filter>
    </ClCompile>
    <ClCompile Include="PositioningSystem.cpp">
      <Filter>Source Files\AI</Filter>
    </ClCompile>
    <ClCompile Include="GameWorld.cpp">
      <Filter>Source Files\Model</Filter>
    </ClCompile>
    <ClCompile Include="PathFindingAStar.cpp">
      <Filter>Source Files\AI</Filter>
    </ClCompile>
    <ClCompile Include="Sleep.cpp">
      <Filter>Source Files\Utility</Filter>
    </ClCompile>
    <ClCompile Include="LSPositionFindingAStar.cpp">
      <Filter>Source Files\AI</Filter>
    </ClCompile>
    <ClCompile Include="Agent.cpp">
      <Filter>Source Files\Model</Filter>
    </ClCompile>
    <ClCompile Include="AggresivePositioningSystem.cpp">
      <Filter>Source Files\AI</Filter>
    </ClCompile>
    <ClCompile Include="AggresivePositionFinding.cpp">
      <Filter>Source Files\AI</Filter>
    </ClCompile>
    <ClCompile Include="DefensivePositioningSystem.cpp">
      <Filter>Source Files\AI</Filter>
    </ClCompile>
    <ClCompile Include="DefensivePositionFinding.cpp">
      <Filter>Source Files\AI</Filter>
    </ClCompile>
    <ClCompile Include="StrategicPositionFinding.cpp">
      <Filter>Source Files\AI</Filter>
    </ClCompile>
    <ClCompile Include="StrategicPositioningSystem.cpp">
      <Filter>Source Files\AI</Filter>
    </ClCompile>
    <ClCompile Include="main12.cpp">
      <Filter>Source Files</Filter>
    </ClCompile>
    <ClCompile Include="main.cpp">
      <Filter>Source Files</Filter>
    </ClCompile>
    <ClCompile Include="ROVNavigationSystem.cpp">
      <Filter>Source Files\AI</Filter>
    </ClCompile>
    <ClCompile Include="math_functions.cpp">
      <Filter>Source Files\Utility</Filter>
    </ClCompile>
    <ClCompile Include="SpatialHashing.cpp">
      <Filter>Source Files\DataStructure</Filter>
    </ClCompile>
    <ClCompile Include="..\TestAlgorithms\main13.cpp">
      <Filter>Source Files</Filter>
    </ClCompile>
  </ItemGroup>
  <ItemGroup>
    <ClInclude Include="Node.h">
      <Filter>Header Files\DataStructure</Filter>
    </ClInclude>
    <ClInclude Include="CubeGeometry.h">
      <Filter>Header Files\DataStructure</Filter>
    </ClInclude>
    <ClInclude Include="Player.h">
      <Filter>Header Files\Model</Filter>
    </ClInclude>
    <ClInclude Include="Agent.h">
      <Filter>Header Files\Model</Filter>
    </ClInclude>
    <ClInclude Include="PositioningSystem.h">
      <Filter>Header Files\AI</Filter>
    </ClInclude>
    <ClInclude Include="GameWorld.h">
      <Filter>Header Files\DataStructure</Filter>
    </ClInclude>
    <ClInclude Include="PathFindingAStar.h">
      <Filter>Header Files\AI</Filter>
    </ClInclude>
    <ClInclude Include="Sleep.h">
      <Filter>Header Files\Utility</Filter>
    </ClInclude>
    <ClInclude Include="PrintOutputHeader.h">
      <Filter>Header Files\Utility</Filter>
    </ClInclude>
    <ClInclude Include="LSPositionFindingAStar.h">
      <Filter>Header Files\AI</Filter>
    </ClInclude>
    <ClInclude Include="AggresivePositioningSystem.h">
      <Filter>Header Files\AI</Filter>
    </ClInclude>
    <ClInclude Include="AggresivePositionFinding.h">
      <Filter>Header Files\AI</Filter>
    </ClInclude>
    <ClInclude Include="DefensivePositioningSystem.h">
      <Filter>Header Files\AI</Filter>
    </ClInclude>
    <ClInclude Include="DefensivePositionFinding.h">
      <Filter>Header Files\AI</Filter>
    </ClInclude>
    <ClInclude Include="StrategicPositioningSystem.h">
      <Filter>Header Files\AI</Filter>
    </ClInclude>
    <ClInclude Include="StrategicPositionFinding.h">
      <Filter>Header Files\AI</Filter>
    </ClInclude>
    <ClInclude Include="ROVNavigationSystem.h">
      <Filter>Header Files\AI</Filter>
    </ClInclude>
    <ClInclude Include="math_functions.h">
      <Filter>Header Files\Utility</Filter>
    </ClInclude>
    <ClInclude Include="SpatialHashing.h">
      <Filter>Header Files\DataStructure</Filter>
    </ClInclude>
  </ItemGroup>
</Project>